
Microsoft Visual Studio Solution File, Format Version 12.00
# Visual Studio 15
VisualStudioVersion = 15.0.28307.168
MinimumVisualStudioVersion = 10.0.40219.1
Project("{9A19103F-16F7-4668-BE54-9A1E7A4F7556}") = "Blog.Web", "Blog.Web\Blog.Web.csproj", "{D19A54A2-6761-460A-AA00-76C181D7BEE6}"
EndProject
Project("{9A19103F-16F7-4668-BE54-9A1E7A4F7556}") = "Blog.Model", "Blog.Model\Blog.Model.csproj", "{6A70B311-6D8A-4A80-8C24-02CC1620DF93}"
EndProject
Project("{FAE04EC0-301F-11D3-BF4B-00C04F79EFBC}") = "Blog.Common", "Blog.Common\Blog.Common.csproj", "{1974C28F-AE7D-47DB-8870-C86E4C557E61}"
EndProject
Global
	GlobalSection(SolutionConfigurationPlatforms) = preSolution
		Debug|Any CPU = Debug|Any CPU
		Release|Any CPU = Release|Any CPU
	EndGlobalSection
	GlobalSection(ProjectConfigurationPlatforms) = postSolution
		{D19A54A2-6761-460A-AA00-76C181D7BEE6}.Debug|Any CPU.ActiveCfg = Debug|Any CPU
		{D19A54A2-6761-460A-AA00-76C181D7BEE6}.Debug|Any CPU.Build.0 = Debug|Any CPU
		{D19A54A2-6761-460A-AA00-76C181D7BEE6}.Release|Any CPU.ActiveCfg = Release|Any CPU
		{D19A54A2-6761-460A-AA00-76C181D7BEE6}.Release|Any CPU.Build.0 = Release|Any CPU
		{6A70B311-6D8A-4A80-8C24-02CC1620DF93}.Debug|Any CPU.ActiveCfg = Debug|Any CPU
		{6A70B311-6D8A-4A80-8C24-02CC1620DF93}.Debug|Any CPU.Build.0 = Debug|Any CPU
		{6A70B311-6D8A-4A80-8C24-02CC1620DF93}.Release|Any CPU.ActiveCfg = Release|Any CPU
		{6A70B311-6D8A-4A80-8C24-02CC1620DF93}.Release|Any CPU.Build.0 = Release|Any CPU
		{1974C28F-AE7D-47DB-8870-C86E4C557E61}.Debug|Any CPU.ActiveCfg = Debug|Any CPU
		{1974C28F-AE7D-47DB-8870-C86E4C557E61}.Debug|Any CPU.Build.0 = Debug|Any CPU
		{1974C28F-AE7D-47DB-8870-C86E4C557E61}.Release|Any CPU.ActiveCfg = Release|Any CPU
		{1974C28F-AE7D-47DB-8870-C86E4C557E61}.Release|Any CPU.Build.0 = Release|Any CPU
	EndGlobalSection
	GlobalSection(SolutionProperties) = preSolution
		HideSolutionNode = FALSE
	EndGlobalSection
	GlobalSection(ExtensibilityGlobals) = postSolution
		SolutionGuid = {0F1B132F-371F-449B-8D21-22B6AB0C0EB4}
	EndGlobalSection
EndGlobal
